// !$*UTF8*$!
{
	archiveVersion = 1;
	classes = {
	};
	objectVersion = 46;
	objects = {

/* Begin PBXBuildFile section */
		5B00A3F21D9ACEDB0097B585 /* HBPictViewCell.swift in Sources */ = {isa = PBXBuildFile; fileRef = 5B00A3F11D9ACEDB0097B585 /* HBPictViewCell.swift */; };
		5B026AAF1D942A5E00563236 /* HBBaseNavController.swift in Sources */ = {isa = PBXBuildFile; fileRef = 5B026AAE1D942A5E00563236 /* HBBaseNavController.swift */; };
		5B026AB11D942C6600563236 /* HBTestViewController.swift in Sources */ = {isa = PBXBuildFile; fileRef = 5B026AB01D942C6600563236 /* HBTestViewController.swift */; };
		5B026AB51D94351B00563236 /* SearchView.xib in Resources */ = {isa = PBXBuildFile; fileRef = 5B026AB41D94351B00563236 /* SearchView.xib */; };
		5B026AB71D94353900563236 /* HBSearchButton.swift in Sources */ = {isa = PBXBuildFile; fileRef = 5B026AB61D94353900563236 /* HBSearchButton.swift */; };
		5B0327851D9C0C3E0046DB58 /* HBRetweetedCell.xib in Resources */ = {isa = PBXBuildFile; fileRef = 5B0327841D9C0C3E0046DB58 /* HBRetweetedCell.xib */; };
		5B0713F61D9E969200EC7D1E /* HBRefreshControl.swift in Sources */ = {isa = PBXBuildFile; fileRef = 5B0713F51D9E969200EC7D1E /* HBRefreshControl.swift */; };
		5B0B46A11D969526005B3608 /* HBVistorLoginView.swift in Sources */ = {isa = PBXBuildFile; fileRef = 5B0B46A01D969526005B3608 /* HBVistorLoginView.swift */; };
		5B0B46A31D9696AA005B3608 /* HBBaseVistorController.swift in Sources */ = {isa = PBXBuildFile; fileRef = 5B0B46A21D9696AA005B3608 /* HBBaseVistorController.swift */; };
		5B0B46A71D97FC97005B3608 /* Common.swift in Sources */ = {isa = PBXBuildFile; fileRef = 5B0B46A61D97FC97005B3608 /* Common.swift */; };
		5B0B46AB1D97FD5F005B3608 /* HBUserAccountModel.swift in Sources */ = {isa = PBXBuildFile; fileRef = 5B0B46AA1D97FD5F005B3608 /* HBUserAccountModel.swift */; };
		5B0B46B51D97FF3D005B3608 /* UIBarButtonItem.swift in Sources */ = {isa = PBXBuildFile; fileRef = 5B0B46AF1D97FF3D005B3608 /* UIBarButtonItem.swift */; };
		5B0B46B61D97FF3D005B3608 /* UIButton+extension.swift in Sources */ = {isa = PBXBuildFile; fileRef = 5B0B46B01D97FF3D005B3608 /* UIButton+extension.swift */; };
		5B0B46B71D97FF3D005B3608 /* UILable+extension.swift in Sources */ = {isa = PBXBuildFile; fileRef = 5B0B46B11D97FF3D005B3608 /* UILable+extension.swift */; };
		5B0B46B81D97FF3D005B3608 /* UIView+extension.swift in Sources */ = {isa = PBXBuildFile; fileRef = 5B0B46B21D97FF3D005B3608 /* UIView+extension.swift */; };
		5B0B46B91D97FF3D005B3608 /* HBNetWorkTools.swift in Sources */ = {isa = PBXBuildFile; fileRef = 5B0B46B41D97FF3D005B3608 /* HBNetWorkTools.swift */; };
		5B0B46C31D980150005B3608 /* HBAuthViewController.swift in Sources */ = {isa = PBXBuildFile; fileRef = 5B0B46C11D980150005B3608 /* HBAuthViewController.swift */; };
		5B0B46C41D980150005B3608 /* HBWelcomeController.swift in Sources */ = {isa = PBXBuildFile; fileRef = 5B0B46C21D980150005B3608 /* HBWelcomeController.swift */; };
		5B13CB161D9AB77A00AACA1A /* HBUser.swift in Sources */ = {isa = PBXBuildFile; fileRef = 5B13CB151D9AB77A00AACA1A /* HBUser.swift */; };
		5B13CB181D9ABD2500AACA1A /* HBPictureInfor.swift in Sources */ = {isa = PBXBuildFile; fileRef = 5B13CB171D9ABD2500AACA1A /* HBPictureInfor.swift */; };
		5B6ED9281D93FD1D003C114B /* AppDelegate.swift in Sources */ = {isa = PBXBuildFile; fileRef = 5B6ED9271D93FD1D003C114B /* AppDelegate.swift */; };
		5B6ED9511D940227003C114B /* Assets.xcassets in Resources */ = {isa = PBXBuildFile; fileRef = 5B6ED9501D940227003C114B /* Assets.xcassets */; };
		5B6ED9551D9403A9003C114B /* HBDiscoverController.swift in Sources */ = {isa = PBXBuildFile; fileRef = 5B6ED9541D9403A9003C114B /* HBDiscoverController.swift */; };
		5B6ED9571D9403BF003C114B /* HBHomeController.swift in Sources */ = {isa = PBXBuildFile; fileRef = 5B6ED9561D9403BF003C114B /* HBHomeController.swift */; };
		5B6ED9591D9403D8003C114B /* HBMeController.swift in Sources */ = {isa = PBXBuildFile; fileRef = 5B6ED9581D9403D8003C114B /* HBMeController.swift */; };
		5B6ED95B1D9403EF003C114B /* HBMessageController.swift in Sources */ = {isa = PBXBuildFile; fileRef = 5B6ED95A1D9403EF003C114B /* HBMessageController.swift */; };
		5B6ED95D1D94042E003C114B /* HBTabBarController.swift in Sources */ = {isa = PBXBuildFile; fileRef = 5B6ED95C1D94042E003C114B /* HBTabBarController.swift */; };
		5B6ED95F1D9411F0003C114B /* HBTabBar.swift in Sources */ = {isa = PBXBuildFile; fileRef = 5B6ED95E1D9411F0003C114B /* HBTabBar.swift */; };
		5BFBA1781D981FFA00F469BB /* HBAuthViewModel.swift in Sources */ = {isa = PBXBuildFile; fileRef = 5BFBA1771D981FFA00F469BB /* HBAuthViewModel.swift */; };
		5BFBA17A1D9A675700F469BB /* HBStatus.swift in Sources */ = {isa = PBXBuildFile; fileRef = 5BFBA1791D9A675700F469BB /* HBStatus.swift */; };
		5BFBA1811D9AA05000F469BB /* HBHomeViewModel.swift in Sources */ = {isa = PBXBuildFile; fileRef = 5BFBA17F1D9AA05000F469BB /* HBHomeViewModel.swift */; };
		5BFBA1821D9AA05000F469BB /* HBStatusViewModel.swift in Sources */ = {isa = PBXBuildFile; fileRef = 5BFBA1801D9AA05000F469BB /* HBStatusViewModel.swift */; };
		5BFBA1851D9AA9EE00F469BB /* HBHomeCell.swift in Sources */ = {isa = PBXBuildFile; fileRef = 5BFBA1831D9AA9EE00F469BB /* HBHomeCell.swift */; };
		5BFBA1861D9AA9EE00F469BB /* HBHomeCell.xib in Resources */ = {isa = PBXBuildFile; fileRef = 5BFBA1841D9AA9EE00F469BB /* HBHomeCell.xib */; };
		676316F11197417A447338EF /* Pods_weibo.framework in Frameworks */ = {isa = PBXBuildFile; fileRef = 61BB52867031056661297419 /* Pods_weibo.framework */; };
/* End PBXBuildFile section */

/* Begin PBXFileReference section */
		4F14B86981659FEAF2649736 /* Pods-weibo.debug.xcconfig */ = {isa = PBXFileReference; includeInIndex = 1; lastKnownFileType = text.xcconfig; name = "Pods-weibo.debug.xcconfig"; path = "Pods/Target Support Files/Pods-weibo/Pods-weibo.debug.xcconfig"; sourceTree = "<group>"; };
		5B00A3F11D9ACEDB0097B585 /* HBPictViewCell.swift */ = {isa = PBXFileReference; fileEncoding = 4; lastKnownFileType = sourcecode.swift; path = HBPictViewCell.swift; sourceTree = "<group>"; };
		5B026AAE1D942A5E00563236 /* HBBaseNavController.swift */ = {isa = PBXFileReference; fileEncoding = 4; lastKnownFileType = sourcecode.swift; path = HBBaseNavController.swift; sourceTree = "<group>"; };
		5B026AB01D942C6600563236 /* HBTestViewController.swift */ = {isa = PBXFileReference; fileEncoding = 4; lastKnownFileType = sourcecode.swift; path = HBTestViewController.swift; sourceTree = "<group>"; };
		5B026AB41D94351B00563236 /* SearchView.xib */ = {isa = PBXFileReference; fileEncoding = 4; lastKnownFileType = file.xib; path = SearchView.xib; sourceTree = "<group>"; };
		5B026AB61D94353900563236 /* HBSearchButton.swift */ = {isa = PBXFileReference; fileEncoding = 4; lastKnownFileType = sourcecode.swift; path = HBSearchButton.swift; sourceTree = "<group>"; };
		5B0327841D9C0C3E0046DB58 /* HBRetweetedCell.xib */ = {isa = PBXFileReference; fileEncoding = 4; lastKnownFileType = file.xib; path = HBRetweetedCell.xib; sourceTree = "<group>"; };
		5B0713F51D9E969200EC7D1E /* HBRefreshControl.swift */ = {isa = PBXFileReference; fileEncoding = 4; lastKnownFileType = sourcecode.swift; path = HBRefreshControl.swift; sourceTree = "<group>"; };
		5B0B46A01D969526005B3608 /* HBVistorLoginView.swift */ = {isa = PBXFileReference; fileEncoding = 4; lastKnownFileType = sourcecode.swift; path = HBVistorLoginView.swift; sourceTree = "<group>"; };
		5B0B46A21D9696AA005B3608 /* HBBaseVistorController.swift */ = {isa = PBXFileReference; fileEncoding = 4; lastKnownFileType = sourcecode.swift; path = HBBaseVistorController.swift; sourceTree = "<group>"; };
		5B0B46A61D97FC97005B3608 /* Common.swift */ = {isa = PBXFileReference; fileEncoding = 4; lastKnownFileType = sourcecode.swift; path = Common.swift; sourceTree = "<group>"; };
		5B0B46AA1D97FD5F005B3608 /* HBUserAccountModel.swift */ = {isa = PBXFileReference; fileEncoding = 4; lastKnownFileType = sourcecode.swift; path = HBUserAccountModel.swift; sourceTree = "<group>"; };
		5B0B46AF1D97FF3D005B3608 /* UIBarButtonItem.swift */ = {isa = PBXFileReference; fileEncoding = 4; lastKnownFileType = sourcecode.swift; path = UIBarButtonItem.swift; sourceTree = "<group>"; };
		5B0B46B01D97FF3D005B3608 /* UIButton+extension.swift */ = {isa = PBXFileReference; fileEncoding = 4; lastKnownFileType = sourcecode.swift; path = "UIButton+extension.swift"; sourceTree = "<group>"; };
		5B0B46B11D97FF3D005B3608 /* UILable+extension.swift */ = {isa = PBXFileReference; fileEncoding = 4; lastKnownFileType = sourcecode.swift; path = "UILable+extension.swift"; sourceTree = "<group>"; };
		5B0B46B21D97FF3D005B3608 /* UIView+extension.swift */ = {isa = PBXFileReference; fileEncoding = 4; lastKnownFileType = sourcecode.swift; path = "UIView+extension.swift"; sourceTree = "<group>"; };
		5B0B46B41D97FF3D005B3608 /* HBNetWorkTools.swift */ = {isa = PBXFileReference; fileEncoding = 4; lastKnownFileType = sourcecode.swift; path = HBNetWorkTools.swift; sourceTree = "<group>"; };
		5B0B46C11D980150005B3608 /* HBAuthViewController.swift */ = {isa = PBXFileReference; fileEncoding = 4; lastKnownFileType = sourcecode.swift; path = HBAuthViewController.swift; sourceTree = "<group>"; };
		5B0B46C21D980150005B3608 /* HBWelcomeController.swift */ = {isa = PBXFileReference; fileEncoding = 4; lastKnownFileType = sourcecode.swift; path = HBWelcomeController.swift; sourceTree = "<group>"; };
		5B13CB151D9AB77A00AACA1A /* HBUser.swift */ = {isa = PBXFileReference; fileEncoding = 4; lastKnownFileType = sourcecode.swift; path = HBUser.swift; sourceTree = "<group>"; };
		5B13CB171D9ABD2500AACA1A /* HBPictureInfor.swift */ = {isa = PBXFileReference; fileEncoding = 4; lastKnownFileType = sourcecode.swift; path = HBPictureInfor.swift; sourceTree = "<group>"; };
		5B6ED9241D93FD1D003C114B /* weibo.app */ = {isa = PBXFileReference; explicitFileType = wrapper.application; includeInIndex = 0; path = weibo.app; sourceTree = BUILT_PRODUCTS_DIR; };
		5B6ED9271D93FD1D003C114B /* AppDelegate.swift */ = {isa = PBXFileReference; lastKnownFileType = sourcecode.swift; path = AppDelegate.swift; sourceTree = "<group>"; };
		5B6ED9331D93FD1D003C114B /* Info.plist */ = {isa = PBXFileReference; lastKnownFileType = text.plist.xml; path = Info.plist; sourceTree = "<group>"; };
		5B6ED9501D940227003C114B /* Assets.xcassets */ = {isa = PBXFileReference; lastKnownFileType = folder.assetcatalog; path = Assets.xcassets; sourceTree = "<group>"; };
		5B6ED9541D9403A9003C114B /* HBDiscoverController.swift */ = {isa = PBXFileReference; fileEncoding = 4; lastKnownFileType = sourcecode.swift; path = HBDiscoverController.swift; sourceTree = "<group>"; };
		5B6ED9561D9403BF003C114B /* HBHomeController.swift */ = {isa = PBXFileReference; fileEncoding = 4; lastKnownFileType = sourcecode.swift; path = HBHomeController.swift; sourceTree = "<group>"; };
		5B6ED9581D9403D8003C114B /* HBMeController.swift */ = {isa = PBXFileReference; fileEncoding = 4; lastKnownFileType = sourcecode.swift; path = HBMeController.swift; sourceTree = "<group>"; };
		5B6ED95A1D9403EF003C114B /* HBMessageController.swift */ = {isa = PBXFileReference; fileEncoding = 4; lastKnownFileType = sourcecode.swift; path = HBMessageController.swift; sourceTree = "<group>"; };
		5B6ED95C1D94042E003C114B /* HBTabBarController.swift */ = {isa = PBXFileReference; fileEncoding = 4; lastKnownFileType = sourcecode.swift; path = HBTabBarController.swift; sourceTree = "<group>"; };
		5B6ED95E1D9411F0003C114B /* HBTabBar.swift */ = {isa = PBXFileReference; fileEncoding = 4; lastKnownFileType = sourcecode.swift; path = HBTabBar.swift; sourceTree = "<group>"; };
		5BFBA1771D981FFA00F469BB /* HBAuthViewModel.swift */ = {isa = PBXFileReference; fileEncoding = 4; lastKnownFileType = sourcecode.swift; path = HBAuthViewModel.swift; sourceTree = "<group>"; };
		5BFBA1791D9A675700F469BB /* HBStatus.swift */ = {isa = PBXFileReference; fileEncoding = 4; lastKnownFileType = sourcecode.swift; path = HBStatus.swift; sourceTree = "<group>"; };
		5BFBA17F1D9AA05000F469BB /* HBHomeViewModel.swift */ = {isa = PBXFileReference; fileEncoding = 4; lastKnownFileType = sourcecode.swift; path = HBHomeViewModel.swift; sourceTree = "<group>"; };
		5BFBA1801D9AA05000F469BB /* HBStatusViewModel.swift */ = {isa = PBXFileReference; fileEncoding = 4; lastKnownFileType = sourcecode.swift; path = HBStatusViewModel.swift; sourceTree = "<group>"; };
		5BFBA1831D9AA9EE00F469BB /* HBHomeCell.swift */ = {isa = PBXFileReference; fileEncoding = 4; lastKnownFileType = sourcecode.swift; path = HBHomeCell.swift; sourceTree = "<group>"; };
		5BFBA1841D9AA9EE00F469BB /* HBHomeCell.xib */ = {isa = PBXFileReference; fileEncoding = 4; lastKnownFileType = file.xib; path = HBHomeCell.xib; sourceTree = "<group>"; };
		61BB52867031056661297419 /* Pods_weibo.framework */ = {isa = PBXFileReference; explicitFileType = wrapper.framework; includeInIndex = 0; path = Pods_weibo.framework; sourceTree = BUILT_PRODUCTS_DIR; };
		AF62791B67CA02E0D6ECA692 /* Pods-weibo.release.xcconfig */ = {isa = PBXFileReference; includeInIndex = 1; lastKnownFileType = text.xcconfig; name = "Pods-weibo.release.xcconfig"; path = "Pods/Target Support Files/Pods-weibo/Pods-weibo.release.xcconfig"; sourceTree = "<group>"; };
/* End PBXFileReference section */

/* Begin PBXFrameworksBuildPhase section */
		5B6ED9211D93FD1D003C114B /* Frameworks */ = {
			isa = PBXFrameworksBuildPhase;
			buildActionMask = 2147483647;
			files = (
				676316F11197417A447338EF /* Pods_weibo.framework in Frameworks */,
			);
			runOnlyForDeploymentPostprocessing = 0;
		};
/* End PBXFrameworksBuildPhase section */

/* Begin PBXGroup section */
		2A588CA74239961D69ECCE47 /* Pods */ = {
			isa = PBXGroup;
			children = (
				4F14B86981659FEAF2649736 /* Pods-weibo.debug.xcconfig */,
				AF62791B67CA02E0D6ECA692 /* Pods-weibo.release.xcconfig */,
			);
			name = Pods;
			sourceTree = "<group>";
		};
		5B0B46AE1D97FF3D005B3608 /* extension */ = {
			isa = PBXGroup;
			children = (
				5B0B46AF1D97FF3D005B3608 /* UIBarButtonItem.swift */,
				5B0B46B01D97FF3D005B3608 /* UIButton+extension.swift */,
				5B0B46B21D97FF3D005B3608 /* UIView+extension.swift */,
				5B0B46B11D97FF3D005B3608 /* UILable+extension.swift */,
			);
			path = extension;
			sourceTree = "<group>";
		};
		5B0B46B31D97FF3D005B3608 /* tool */ = {
			isa = PBXGroup;
			children = (
				5B0B46B41D97FF3D005B3608 /* HBNetWorkTools.swift */,
			);
			path = tool;
			sourceTree = "<group>";
		};
		5B0B46C01D980150005B3608 /* AuthViewController */ = {
			isa = PBXGroup;
			children = (
				5B0B46C21D980150005B3608 /* HBWelcomeController.swift */,
				5B0B46C11D980150005B3608 /* HBAuthViewController.swift */,
			);
			path = AuthViewController;
			sourceTree = "<group>";
		};
		5B6ED91B1D93FD1D003C114B = {
			isa = PBXGroup;
			children = (
				5B6ED9261D93FD1D003C114B /* weibo */,
				5B6ED9251D93FD1D003C114B /* Products */,
				2A588CA74239961D69ECCE47 /* Pods */,
				FC637E025255CD1834D32CF8 /* Frameworks */,
			);
			sourceTree = "<group>";
		};
		5B6ED9251D93FD1D003C114B /* Products */ = {
			isa = PBXGroup;
			children = (
				5B6ED9241D93FD1D003C114B /* weibo.app */,
			);
			name = Products;
			sourceTree = "<group>";
		};
		5B6ED9261D93FD1D003C114B /* weibo */ = {
			isa = PBXGroup;
			children = (
				5B6ED9391D93FF31003C114B /* Classes */,
				5B6ED9271D93FD1D003C114B /* AppDelegate.swift */,
				5B6ED9501D940227003C114B /* Assets.xcassets */,
				5B6ED9331D93FD1D003C114B /* Info.plist */,
			);
			path = weibo;
			sourceTree = "<group>";
		};
		5B6ED9391D93FF31003C114B /* Classes */ = {
			isa = PBXGroup;
			children = (
				5B6ED93A1D93FF31003C114B /* Models */,
				5B6ED93B1D93FF31003C114B /* Other */,
				5B6ED93C1D93FF31003C114B /* Tools */,
				5B6ED93D1D93FF31003C114B /* View */,
				5B6ED94D1D93FF31003C114B /* ViewModel */,
			);
			path = Classes;
			sourceTree = "<group>";
		};
		5B6ED93A1D93FF31003C114B /* Models */ = {
			isa = PBXGroup;
			children = (
				5B0B46AA1D97FD5F005B3608 /* HBUserAccountModel.swift */,
				5BFBA1791D9A675700F469BB /* HBStatus.swift */,
				5B13CB151D9AB77A00AACA1A /* HBUser.swift */,
				5B13CB171D9ABD2500AACA1A /* HBPictureInfor.swift */,
			);
			path = Models;
			sourceTree = "<group>";
		};
		5B6ED93B1D93FF31003C114B /* Other */ = {
			isa = PBXGroup;
			children = (
				5B026AB01D942C6600563236 /* HBTestViewController.swift */,
				5B0B46A61D97FC97005B3608 /* Common.swift */,
			);
			path = Other;
			sourceTree = "<group>";
		};
		5B6ED93C1D93FF31003C114B /* Tools */ = {
			isa = PBXGroup;
			children = (
				5B0B46AE1D97FF3D005B3608 /* extension */,
				5B0B46B31D97FF3D005B3608 /* tool */,
			);
			path = Tools;
			sourceTree = "<group>";
		};
		5B6ED93D1D93FF31003C114B /* View */ = {
			isa = PBXGroup;
			children = (
				5B0B46C01D980150005B3608 /* AuthViewController */,
				5B6ED9441D93FF31003C114B /* Main */,
				5B6ED93E1D93FF31003C114B /* Discover */,
				5B6ED9411D93FF31003C114B /* Home */,
				5B6ED9471D93FF31003C114B /* Me */,
				5B6ED94A1D93FF31003C114B /* Message */,
			);
			path = View;
			sourceTree = "<group>";
		};
		5B6ED93E1D93FF31003C114B /* Discover */ = {
			isa = PBXGroup;
			children = (
				5B6ED93F1D93FF31003C114B /* View */,
				5B6ED9401D93FF31003C114B /* ViewControllers */,
			);
			path = Discover;
			sourceTree = "<group>";
		};
		5B6ED93F1D93FF31003C114B /* View */ = {
			isa = PBXGroup;
			children = (
				5B026AB41D94351B00563236 /* SearchView.xib */,
				5B026AB61D94353900563236 /* HBSearchButton.swift */,
			);
			path = View;
			sourceTree = "<group>";
		};
		5B6ED9401D93FF31003C114B /* ViewControllers */ = {
			isa = PBXGroup;
			children = (
				5B6ED9541D9403A9003C114B /* HBDiscoverController.swift */,
			);
			path = ViewControllers;
			sourceTree = "<group>";
		};
		5B6ED9411D93FF31003C114B /* Home */ = {
			isa = PBXGroup;
			children = (
				5B6ED9421D93FF31003C114B /* View */,
				5B6ED9431D93FF31003C114B /* ViewControllers */,
			);
			path = Home;
			sourceTree = "<group>";
		};
		5B6ED9421D93FF31003C114B /* View */ = {
			isa = PBXGroup;
			children = (
				5BFBA1831D9AA9EE00F469BB /* HBHomeCell.swift */,
				5B0713F51D9E969200EC7D1E /* HBRefreshControl.swift */,
				5BFBA1841D9AA9EE00F469BB /* HBHomeCell.xib */,
				5B0327841D9C0C3E0046DB58 /* HBRetweetedCell.xib */,
				5B00A3F11D9ACEDB0097B585 /* HBPictViewCell.swift */,
			);
			path = View;
			sourceTree = "<group>";
		};
		5B6ED9431D93FF31003C114B /* ViewControllers */ = {
			isa = PBXGroup;
			children = (
				5B6ED9561D9403BF003C114B /* HBHomeController.swift */,
			);
			path = ViewControllers;
			sourceTree = "<group>";
		};
		5B6ED9441D93FF31003C114B /* Main */ = {
			isa = PBXGroup;
			children = (
				5B6ED9451D93FF31003C114B /* View */,
				5B6ED9461D93FF31003C114B /* ViewControllers */,
			);
			path = Main;
			sourceTree = "<group>";
		};
		5B6ED9451D93FF31003C114B /* View */ = {
			isa = PBXGroup;
			children = (
				5B6ED95E1D9411F0003C114B /* HBTabBar.swift */,
				5B0B46A01D969526005B3608 /* HBVistorLoginView.swift */,
			);
			path = View;
			sourceTree = "<group>";
		};
		5B6ED9461D93FF31003C114B /* ViewControllers */ = {
			isa = PBXGroup;
			children = (
				5B6ED95C1D94042E003C114B /* HBTabBarController.swift */,
				5B026AAE1D942A5E00563236 /* HBBaseNavController.swift */,
				5B0B46A21D9696AA005B3608 /* HBBaseVistorController.swift */,
			);
			path = ViewControllers;
			sourceTree = "<group>";
		};
		5B6ED9471D93FF31003C114B /* Me */ = {
			isa = PBXGroup;
			children = (
				5B6ED9491D93FF31003C114B /* ViewControllers */,
				5B6ED9481D93FF31003C114B /* View */,
			);
			path = Me;
			sourceTree = "<group>";
		};
		5B6ED9481D93FF31003C114B /* View */ = {
			isa = PBXGroup;
			children = (
			);
			path = View;
			sourceTree = "<group>";
		};
		5B6ED9491D93FF31003C114B /* ViewControllers */ = {
			isa = PBXGroup;
			children = (
				5B6ED9581D9403D8003C114B /* HBMeController.swift */,
			);
			name = ViewControllers;
			path = weibo/Classes/View/Me/ViewControllers;
			sourceTree = SOURCE_ROOT;
		};
		5B6ED94A1D93FF31003C114B /* Message */ = {
			isa = PBXGroup;
			children = (
				5B6ED94B1D93FF31003C114B /* View */,
				5B6ED94C1D93FF31003C114B /* ViewControllers */,
			);
			path = Message;
			sourceTree = "<group>";
		};
		5B6ED94B1D93FF31003C114B /* View */ = {
			isa = PBXGroup;
			children = (
			);
			path = View;
			sourceTree = "<group>";
		};
		5B6ED94C1D93FF31003C114B /* ViewControllers */ = {
			isa = PBXGroup;
			children = (
				5B6ED95A1D9403EF003C114B /* HBMessageController.swift */,
			);
			path = ViewControllers;
			sourceTree = "<group>";
		};
		5B6ED94D1D93FF31003C114B /* ViewModel */ = {
			isa = PBXGroup;
			children = (
				5BFBA17F1D9AA05000F469BB /* HBHomeViewModel.swift */,
				5BFBA1801D9AA05000F469BB /* HBStatusViewModel.swift */,
				5BFBA1771D981FFA00F469BB /* HBAuthViewModel.swift */,
			);
			path = ViewModel;
			sourceTree = "<group>";
		};
		FC637E025255CD1834D32CF8 /* Frameworks */ = {
			isa = PBXGroup;
			children = (
				61BB52867031056661297419 /* Pods_weibo.framework */,
			);
			name = Frameworks;
			sourceTree = "<group>";
		};
/* End PBXGroup section */

/* Begin PBXNativeTarget section */
		5B6ED9231D93FD1D003C114B /* weibo */ = {
			isa = PBXNativeTarget;
			buildConfigurationList = 5B6ED9361D93FD1D003C114B /* Build configuration list for PBXNativeTarget "weibo" */;
			buildPhases = (
				DEA2943941B0B5BC95A32581 /* [CP] Check Pods Manifest.lock */,
				5B6ED9201D93FD1D003C114B /* Sources */,
				5B6ED9211D93FD1D003C114B /* Frameworks */,
				5B6ED9221D93FD1D003C114B /* Resources */,
				D694A2AB3064105C7D247AF0 /* [CP] Embed Pods Frameworks */,
				EC2ED99334BDB44841F75678 /* [CP] Copy Pods Resources */,
			);
			buildRules = (
			);
			dependencies = (
			);
			name = weibo;
			productName = weibo;
			productReference = 5B6ED9241D93FD1D003C114B /* weibo.app */;
			productType = "com.apple.product-type.application";
		};
/* End PBXNativeTarget section */

/* Begin PBXProject section */
		5B6ED91C1D93FD1D003C114B /* Project object */ = {
			isa = PBXProject;
			attributes = {
				CLASSPREFIX = HB;
				LastSwiftUpdateCheck = 0800;
				LastUpgradeCheck = 0800;
				ORGANIZATIONNAME = hebing;
				TargetAttributes = {
					5B6ED9231D93FD1D003C114B = {
						CreatedOnToolsVersion = 8.0;
						DevelopmentTeam = B98X4L36B7;
						ProvisioningStyle = Automatic;
					};
				};
			};
			buildConfigurationList = 5B6ED91F1D93FD1D003C114B /* Build configuration list for PBXProject "weibo" */;
			compatibilityVersion = "Xcode 3.2";
			developmentRegion = English;
			hasScannedForEncodings = 0;
			knownRegions = (
				en,
				Base,
			);
			mainGroup = 5B6ED91B1D93FD1D003C114B;
			productRefGroup = 5B6ED9251D93FD1D003C114B /* Products */;
			projectDirPath = "";
			projectRoot = "";
			targets = (
				5B6ED9231D93FD1D003C114B /* weibo */,
			);
		};
/* End PBXProject section */

/* Begin PBXResourcesBuildPhase section */
		5B6ED9221D93FD1D003C114B /* Resources */ = {
			isa = PBXResourcesBuildPhase;
			buildActionMask = 2147483647;
			files = (
				5B026AB51D94351B00563236 /* SearchView.xib in Resources */,
				5BFBA1861D9AA9EE00F469BB /* HBHomeCell.xib in Resources */,
				5B6ED9511D940227003C114B /* Assets.xcassets in Resources */,
				5B0327851D9C0C3E0046DB58 /* HBRetweetedCell.xib in Resources */,
			);
			runOnlyForDeploymentPostprocessing = 0;
		};
/* End PBXResourcesBuildPhase section */

/* Begin PBXShellScriptBuildPhase section */
		D694A2AB3064105C7D247AF0 /* [CP] Embed Pods Frameworks */ = {
			isa = PBXShellScriptBuildPhase;
			buildActionMask = 2147483647;
			files = (
			);
			inputPaths = (
			);
			name = "[CP] Embed Pods Frameworks";
			outputPaths = (
			);
			runOnlyForDeploymentPostprocessing = 0;
			shellPath = /bin/sh;
			shellScript = "\"${SRCROOT}/Pods/Target Support Files/Pods-weibo/Pods-weibo-frameworks.sh\"\n";
			showEnvVarsInLog = 0;
		};
		DEA2943941B0B5BC95A32581 /* [CP] Check Pods Manifest.lock */ = {
			isa = PBXShellScriptBuildPhase;
			buildActionMask = 2147483647;
			files = (
			);
			inputPaths = (
			);
			name = "[CP] Check Pods Manifest.lock";
			outputPaths = (
			);
			runOnlyForDeploymentPostprocessing = 0;
			shellPath = /bin/sh;
			shellScript = "diff \"${PODS_ROOT}/../Podfile.lock\" \"${PODS_ROOT}/Manifest.lock\" > /dev/null\nif [ $? != 0 ] ; then\n    # print error to STDERR\n    echo \"error: The sandbox is not in sync with the Podfile.lock. Run 'pod install' or update your CocoaPods installation.\" >&2\n    exit 1\nfi\n";
			showEnvVarsInLog = 0;
		};
		EC2ED99334BDB44841F75678 /* [CP] Copy Pods Resources */ = {
			isa = PBXShellScriptBuildPhase;
			buildActionMask = 2147483647;
			files = (
			);
			inputPaths = (
			);
			name = "[CP] Copy Pods Resources";
			outputPaths = (
			);
			runOnlyForDeploymentPostprocessing = 0;
			shellPath = /bin/sh;
			shellScript = "\"${SRCROOT}/Pods/Target Support Files/Pods-weibo/Pods-weibo-resources.sh\"\n";
			showEnvVarsInLog = 0;
		};
/* End PBXShellScriptBuildPhase section */

/* Begin PBXSourcesBuildPhase section */
		5B6ED9201D93FD1D003C114B /* Sources */ = {
			isa = PBXSourcesBuildPhase;
			buildActionMask = 2147483647;
			files = (
				5B13CB161D9AB77A00AACA1A /* HBUser.swift in Sources */,
				5BFBA17A1D9A675700F469BB /* HBStatus.swift in Sources */,
				5B00A3F21D9ACEDB0097B585 /* HBPictViewCell.swift in Sources */,
				5B6ED9551D9403A9003C114B /* HBDiscoverController.swift in Sources */,
				5B0B46B51D97FF3D005B3608 /* UIBarButtonItem.swift in Sources */,
				5B6ED95B1D9403EF003C114B /* HBMessageController.swift in Sources */,
				5B026AAF1D942A5E00563236 /* HBBaseNavController.swift in Sources */,
				5BFBA1781D981FFA00F469BB /* HBAuthViewModel.swift in Sources */,
				5B13CB181D9ABD2500AACA1A /* HBPictureInfor.swift in Sources */,
				5BFBA1821D9AA05000F469BB /* HBStatusViewModel.swift in Sources */,
				5B0B46A71D97FC97005B3608 /* Common.swift in Sources */,
				5B0B46B61D97FF3D005B3608 /* UIButton+extension.swift in Sources */,
				5B026AB11D942C6600563236 /* HBTestViewController.swift in Sources */,
				5B0B46B71D97FF3D005B3608 /* UILable+extension.swift in Sources */,
				5B026AB71D94353900563236 /* HBSearchButton.swift in Sources */,
				5BFBA1851D9AA9EE00F469BB /* HBHomeCell.swift in Sources */,
				5B6ED9571D9403BF003C114B /* HBHomeController.swift in Sources */,
				5B0B46B91D97FF3D005B3608 /* HBNetWorkTools.swift in Sources */,
				5B0B46A31D9696AA005B3608 /* HBBaseVistorController.swift in Sources */,
				5B6ED95D1D94042E003C114B /* HBTabBarController.swift in Sources */,
				5B0B46B81D97FF3D005B3608 /* UIView+extension.swift in Sources */,
				5B6ED9281D93FD1D003C114B /* AppDelegate.swift in Sources */,
				5B0B46A11D969526005B3608 /* HBVistorLoginView.swift in Sources */,
				5BFBA1811D9AA05000F469BB /* HBHomeViewModel.swift in Sources */,
				5B0B46C31D980150005B3608 /* HBAuthViewController.swift in Sources */,
				5B0B46AB1D97FD5F005B3608 /* HBUserAccountModel.swift in Sources */,
				5B6ED9591D9403D8003C114B /* HBMeController.swift in Sources */,
				5B0713F61D9E969200EC7D1E /* HBRefreshControl.swift in Sources */,
				5B6ED95F1D9411F0003C114B /* HBTabBar.swift in Sources */,
				5B0B46C41D980150005B3608 /* HBWelcomeController.swift in Sources */,
			);
			runOnlyForDeploymentPostprocessing = 0;
		};
/* End PBXSourcesBuildPhase section */

/* Begin XCBuildConfiguration section */
		5B6ED9341D93FD1D003C114B /* Debug */ = {
			isa = XCBuildConfiguration;
			buildSettings = {
				ALWAYS_SEARCH_USER_PATHS = NO;
				CLANG_ANALYZER_NONNULL = YES;
				CLANG_CXX_LANGUAGE_STANDARD = "gnu++0x";
				CLANG_CXX_LIBRARY = "libc++";
				CLANG_ENABLE_MODULES = YES;
				CLANG_ENABLE_OBJC_ARC = YES;
				CLANG_WARN_BOOL_CONVERSION = YES;
				CLANG_WARN_CONSTANT_CONVERSION = YES;
				CLANG_WARN_DIRECT_OBJC_ISA_USAGE = YES_ERROR;
				CLANG_WARN_DOCUMENTATION_COMMENTS = YES;
				CLANG_WARN_EMPTY_BODY = YES;
				CLANG_WARN_ENUM_CONVERSION = YES;
				CLANG_WARN_INFINITE_RECURSION = YES;
				CLANG_WARN_INT_CONVERSION = YES;
				CLANG_WARN_OBJC_ROOT_CLASS = YES_ERROR;
				CLANG_WARN_SUSPICIOUS_MOVES = YES;
				CLANG_WARN_UNREACHABLE_CODE = YES;
				CLANG_WARN__DUPLICATE_METHOD_MATCH = YES;
				"CODE_SIGN_IDENTITY[sdk=iphoneos*]" = "iPhone Developer";
				COPY_PHASE_STRIP = NO;
				DEBUG_INFORMATION_FORMAT = dwarf;
				ENABLE_STRICT_OBJC_MSGSEND = YES;
				ENABLE_TESTABILITY = YES;
				GCC_C_LANGUAGE_STANDARD = gnu99;
				GCC_DYNAMIC_NO_PIC = NO;
				GCC_NO_COMMON_BLOCKS = YES;
				GCC_OPTIMIZATION_LEVEL = 0;
				GCC_PREPROCESSOR_DEFINITIONS = (
					"DEBUG=1",
					"$(inherited)",
				);
				GCC_WARN_64_TO_32_BIT_CONVERSION = YES;
				GCC_WARN_ABOUT_RETURN_TYPE = YES_ERROR;
				GCC_WARN_UNDECLARED_SELECTOR = YES;
				GCC_WARN_UNINITIALIZED_AUTOS = YES_AGGRESSIVE;
				GCC_WARN_UNUSED_FUNCTION = YES;
				GCC_WARN_UNUSED_VARIABLE = YES;
				IPHONEOS_DEPLOYMENT_TARGET = 10.0;
				MTL_ENABLE_DEBUG_INFO = YES;
				ONLY_ACTIVE_ARCH = YES;
				SDKROOT = iphoneos;
				SWIFT_ACTIVE_COMPILATION_CONDITIONS = DEBUG;
				SWIFT_OPTIMIZATION_LEVEL = "-Onone";
			};
			name = Debug;
		};
		5B6ED9351D93FD1D003C114B /* Release */ = {
			isa = XCBuildConfiguration;
			buildSettings = {
				ALWAYS_SEARCH_USER_PATHS = NO;
				CLANG_ANALYZER_NONNULL = YES;
				CLANG_CXX_LANGUAGE_STANDARD = "gnu++0x";
				CLANG_CXX_LIBRARY = "libc++";
				CLANG_ENABLE_MODULES = YES;
				CLANG_ENABLE_OBJC_ARC = YES;
				CLANG_WARN_BOOL_CONVERSION = YES;
				CLANG_WARN_CONSTANT_CONVERSION = YES;
				CLANG_WARN_DIRECT_OBJC_ISA_USAGE = YES_ERROR;
				CLANG_WARN_DOCUMENTATION_COMMENTS = YES;
				CLANG_WARN_EMPTY_BODY = YES;
				CLANG_WARN_ENUM_CONVERSION = YES;
				CLANG_WARN_INFINITE_RECURSION = YES;
				CLANG_WARN_INT_CONVERSION = YES;
				CLANG_WARN_OBJC_ROOT_CLASS = YES_ERROR;
				CLANG_WARN_SUSPICIOUS_MOVES = YES;
				CLANG_WARN_UNREACHABLE_CODE = YES;
				CLANG_WARN__DUPLICATE_METHOD_MATCH = YES;
				"CODE_SIGN_IDENTITY[sdk=iphoneos*]" = "iPhone Developer";
				COPY_PHASE_STRIP = NO;
				DEBUG_INFORMATION_FORMAT = "dwarf-with-dsym";
				ENABLE_NS_ASSERTIONS = NO;
				ENABLE_STRICT_OBJC_MSGSEND = YES;
				GCC_C_LANGUAGE_STANDARD = gnu99;
				GCC_NO_COMMON_BLOCKS = YES;
				GCC_WARN_64_TO_32_BIT_CONVERSION = YES;
				GCC_WARN_ABOUT_RETURN_TYPE = YES_ERROR;
				GCC_WARN_UNDECLARED_SELECTOR = YES;
				GCC_WARN_UNINITIALIZED_AUTOS = YES_AGGRESSIVE;
				GCC_WARN_UNUSED_FUNCTION = YES;
				GCC_WARN_UNUSED_VARIABLE = YES;
				IPHONEOS_DEPLOYMENT_TARGET = 10.0;
				MTL_ENABLE_DEBUG_INFO = NO;
				SDKROOT = iphoneos;
				SWIFT_OPTIMIZATION_LEVEL = "-Owholemodule";
				VALIDATE_PRODUCT = YES;
			};
			name = Release;
		};
		5B6ED9371D93FD1D003C114B /* Debug */ = {
			isa = XCBuildConfiguration;
			baseConfigurationReference = 4F14B86981659FEAF2649736 /* Pods-weibo.debug.xcconfig */;
			buildSettings = {
				ASSETCATALOG_COMPILER_APPICON_NAME = AppIcon;
				ASSETCATALOG_COMPILER_LAUNCHIMAGE_NAME = LaunchImage;
				DEVELOPMENT_TEAM = B98X4L36B7;
				INFOPLIST_FILE = weibo/Info.plist;
				LD_RUNPATH_SEARCH_PATHS = "$(inherited) @executable_path/Frameworks";
				PRODUCT_BUNDLE_IDENTIFIER = dd.weibo;
				PRODUCT_NAME = "$(TARGET_NAME)";
				SWIFT_VERSION = 3.0;
			};
			name = Debug;
		};
		5B6ED9381D93FD1D003C114B /* Release */ = {
			isa = XCBuildConfiguration;
			baseConfigurationReference = AF62791B67CA02E0D6ECA692 /* Pods-weibo.release.xcconfig */;
			buildSettings = {
				ASSETCATALOG_COMPILER_APPICON_NAME = AppIcon;
				ASSETCATALOG_COMPILER_LAUNCHIMAGE_NAME = LaunchImage;
				DEVELOPMENT_TEAM = B98X4L36B7;
				INFOPLIST_FILE = weibo/Info.plist;
				LD_RUNPATH_SEARCH_PATHS = "$(inherited) @executable_path/Frameworks";
				PRODUCT_BUNDLE_IDENTIFIER = dd.weibo;
				PRODUCT_NAME = "$(TARGET_NAME)";
				SWIFT_VERSION = 3.0;
			};
			name = Release;
		};
/* End XCBuildConfiguration section */

/* Begin XCConfigurationList section */
		5B6ED91F1D93FD1D003C114B /* Build configuration list for PBXProject "weibo" */ = {
			isa = XCConfigurationList;
			buildConfigurations = (
				5B6ED9341D93FD1D003C114B /* Debug */,
				5B6ED9351D93FD1D003C114B /* Release */,
			);
			defaultConfigurationIsVisible = 0;
			defaultConfigurationName = Release;
		};
		5B6ED9361D93FD1D003C114B /* Build configuration list for PBXNativeTarget "weibo" */ = {
			isa = XCConfigurationList;
			buildConfigurations = (
				5B6ED9371D93FD1D003C114B /* Debug */,
				5B6ED9381D93FD1D003C114B /* Release */,
			);
			defaultConfigurationIsVisible = 0;
			defaultConfigurationName = Release;
		};
/* End XCConfigurationList section */
	};
	rootObject = 5B6ED91C1D93FD1D003C114B /* Project object */;
}
